Microsoft Visual Studio Solution File, Format Version 11.00
# Visual Studio 2008

Project("{0E68376C-B9CE-23A1-3626-77BF6A0D9D2A}") = "Burning Tires", "Assembly-CSharp-firstpass.csproj", "{34D33412-401A-D9DB-9114-8FAF967E13C0}"
EndProject
Project("{0E68376C-B9CE-23A1-3626-77BF6A0D9D2A}") = "Burning Tires", "Assembly-CSharp-Editor.csproj", "{99E54B1C-1C42-47C1-9C7D-07C440C99360}"
EndProject
Global
	GlobalSection(SolutionConfigurationPlatforms) = preSolution
		Debug|Any CPU = Debug|Any CPU
		Release|Any CPU = Release|Any CPU
	EndGlobalSection
	GlobalSection(ProjectConfigurationPlatforms) = postSolution
		{34D33412-401A-D9DB-9114-8FAF967E13C0}.Debug|Any CPU.ActiveCfg = Debug|Any CPU
		{34D33412-401A-D9DB-9114-8FAF967E13C0}.Debug|Any CPU.Build.0 = Debug|Any CPU
		{34D33412-401A-D9DB-9114-8FAF967E13C0}.Release|Any CPU.ActiveCfg = Release|Any CPU
		{34D33412-401A-D9DB-9114-8FAF967E13C0}.Release|Any CPU.Build.0 = Release|Any CPU
		{99E54B1C-1C42-47C1-9C7D-07C440C99360}.Debug|Any CPU.ActiveCfg = Debug|Any CPU
		{99E54B1C-1C42-47C1-9C7D-07C440C99360}.Debug|Any CPU.Build.0 = Debug|Any CPU
		{99E54B1C-1C42-47C1-9C7D-07C440C99360}.Release|Any CPU.ActiveCfg = Release|Any CPU
		{99E54B1C-1C42-47C1-9C7D-07C440C99360}.Release|Any CPU.Build.0 = Release|Any CPU
	EndGlobalSection
	GlobalSection(SolutionProperties) = preSolution
		HideSolutionNode = FALSE
	EndGlobalSection
																														GlobalSection(MonoDevelopProperties) = preSolution
		StartupItem = Assembly-CSharp.csproj
		Policies = $0
		$0.TextStylePolicy = $1
		$1.inheritsSet = null
		$1.scope = text/x-csharp
		$0.CSharpFormattingPolicy = $2
		$2.inheritsSet = Mono
		$2.inheritsScope = text/x-csharp
		$2.scope = text/x-csharp
		$0.TextStylePolicy = $3
		$3.FileWidth = 120
		$3.TabWidth = 4
		$3.IndentWidth = 4
		$3.EolMarker = Unix
		$3.inheritsSet = Mono
		$3.inheritsScope = text/plain
		$3.scope = text/plain
	EndGlobalSection

EndGlobal
